
Microsoft Visual Studio Solution File, Format Version 12.00
# Visual Studio Version 17
VisualStudioVersion = 17.14.36518.9
MinimumVisualStudioVersion = 10.0.40219.1
Project("{FAE04EC0-301F-11D3-BF4B-00C04F79EFBC}") = "ClipboardUtility", "ClipboardUtility\ClipboardUtility.csproj", "{31AFF239-8BC0-44EF-85DF-76F6923B95B7}"
EndProject
Project("{FAE04EC0-301F-11D3-BF4B-00C04F79EFBC}") = "ClipboardUtility.Tests", "ClipboardUtility.Tests\ClipboardUtility.Tests.csproj", "{D47F31C6-9EE4-4345-AC19-5F3934B85D43}"
EndProject
Project("{54435603-DBB4-11D2-8724-00A0C9A8B90C}") = "ClipboardUtilityInstaller", "ClipboardUtilityInstaller\ClipboardUtilityInstaller.vdproj", "{CF55F975-2095-B72B-A7FF-628F38AD4B56}"
EndProject
Project("{C7167F0D-BC9F-4E6E-AFE1-012C56B48DB5}") = "ClipboardUtilityMSIXInstaller", "ClipboardUtilityMSIXInstaller\ClipboardUtilityMSIXInstaller.wapproj", "{E5647694-D049-445B-8E30-E8DB74FA533B}"
EndProject
Global
	GlobalSection(SolutionConfigurationPlatforms) = preSolution
		Debug|Any CPU = Debug|Any CPU
		Debug|ARM = Debug|ARM
		Debug|ARM64 = Debug|ARM64
		Debug|x64 = Debug|x64
		Debug|x86 = Debug|x86
		Release|Any CPU = Release|Any CPU
		Release|ARM = Release|ARM
		Release|ARM64 = Release|ARM64
		Release|x64 = Release|x64
		Release|x86 = Release|x86
	EndGlobalSection
	GlobalSection(ProjectConfigurationPlatforms) = postSolution
		{31AFF239-8BC0-44EF-85DF-76F6923B95B7}.Debug|Any CPU.ActiveCfg = Debug|Any CPU
		{31AFF239-8BC0-44EF-85DF-76F6923B95B7}.Debug|Any CPU.Build.0 = Debug|Any CPU
		{31AFF239-8BC0-44EF-85DF-76F6923B95B7}.Debug|ARM.ActiveCfg = Debug|Any CPU
		{31AFF239-8BC0-44EF-85DF-76F6923B95B7}.Debug|ARM.Build.0 = Debug|Any CPU
		{31AFF239-8BC0-44EF-85DF-76F6923B95B7}.Debug|ARM64.ActiveCfg = Debug|Any CPU
		{31AFF239-8BC0-44EF-85DF-76F6923B95B7}.Debug|ARM64.Build.0 = Debug|Any CPU
		{31AFF239-8BC0-44EF-85DF-76F6923B95B7}.Debug|x64.ActiveCfg = Debug|Any CPU
		{31AFF239-8BC0-44EF-85DF-76F6923B95B7}.Debug|x64.Build.0 = Debug|Any CPU
		{31AFF239-8BC0-44EF-85DF-76F6923B95B7}.Debug|x86.ActiveCfg = Debug|Any CPU
		{31AFF239-8BC0-44EF-85DF-76F6923B95B7}.Debug|x86.Build.0 = Debug|Any CPU
		{31AFF239-8BC0-44EF-85DF-76F6923B95B7}.Release|Any CPU.ActiveCfg = Release|Any CPU
		{31AFF239-8BC0-44EF-85DF-76F6923B95B7}.Release|Any CPU.Build.0 = Release|Any CPU
		{31AFF239-8BC0-44EF-85DF-76F6923B95B7}.Release|ARM.ActiveCfg = Release|Any CPU
		{31AFF239-8BC0-44EF-85DF-76F6923B95B7}.Release|ARM.Build.0 = Release|Any CPU
		{31AFF239-8BC0-44EF-85DF-76F6923B95B7}.Release|ARM64.ActiveCfg = Release|Any CPU
		{31AFF239-8BC0-44EF-85DF-76F6923B95B7}.Release|ARM64.Build.0 = Release|Any CPU
		{31AFF239-8BC0-44EF-85DF-76F6923B95B7}.Release|x64.ActiveCfg = Release|Any CPU
		{31AFF239-8BC0-44EF-85DF-76F6923B95B7}.Release|x64.Build.0 = Release|Any CPU
		{31AFF239-8BC0-44EF-85DF-76F6923B95B7}.Release|x86.ActiveCfg = Release|Any CPU
		{31AFF239-8BC0-44EF-85DF-76F6923B95B7}.Release|x86.Build.0 = Release|Any CPU
		{D47F31C6-9EE4-4345-AC19-5F3934B85D43}.Debug|Any CPU.ActiveCfg = Debug|Any CPU
		{D47F31C6-9EE4-4345-AC19-5F3934B85D43}.Debug|Any CPU.Build.0 = Debug|Any CPU
		{D47F31C6-9EE4-4345-AC19-5F3934B85D43}.Debug|ARM.ActiveCfg = Debug|Any CPU
		{D47F31C6-9EE4-4345-AC19-5F3934B85D43}.Debug|ARM.Build.0 = Debug|Any CPU
		{D47F31C6-9EE4-4345-AC19-5F3934B85D43}.Debug|ARM64.ActiveCfg = Debug|Any CPU
		{D47F31C6-9EE4-4345-AC19-5F3934B85D43}.Debug|ARM64.Build.0 = Debug|Any CPU
		{D47F31C6-9EE4-4345-AC19-5F3934B85D43}.Debug|x64.ActiveCfg = Debug|Any CPU
		{D47F31C6-9EE4-4345-AC19-5F3934B85D43}.Debug|x64.Build.0 = Debug|Any CPU
		{D47F31C6-9EE4-4345-AC19-5F3934B85D43}.Debug|x86.ActiveCfg = Debug|Any CPU
		{D47F31C6-9EE4-4345-AC19-5F3934B85D43}.Debug|x86.Build.0 = Debug|Any CPU
		{D47F31C6-9EE4-4345-AC19-5F3934B85D43}.Release|Any CPU.ActiveCfg = Release|Any CPU
		{D47F31C6-9EE4-4345-AC19-5F3934B85D43}.Release|Any CPU.Build.0 = Release|Any CPU
		{D47F31C6-9EE4-4345-AC19-5F3934B85D43}.Release|ARM.ActiveCfg = Release|Any CPU
		{D47F31C6-9EE4-4345-AC19-5F3934B85D43}.Release|ARM.Build.0 = Release|Any CPU
		{D47F31C6-9EE4-4345-AC19-5F3934B85D43}.Release|ARM64.ActiveCfg = Release|Any CPU
		{D47F31C6-9EE4-4345-AC19-5F3934B85D43}.Release|ARM64.Build.0 = Release|Any CPU
		{D47F31C6-9EE4-4345-AC19-5F3934B85D43}.Release|x64.ActiveCfg = Release|Any CPU
		{D47F31C6-9EE4-4345-AC19-5F3934B85D43}.Release|x64.Build.0 = Release|Any CPU
		{D47F31C6-9EE4-4345-AC19-5F3934B85D43}.Release|x86.ActiveCfg = Release|Any CPU
		{D47F31C6-9EE4-4345-AC19-5F3934B85D43}.Release|x86.Build.0 = Release|Any CPU
		{CF55F975-2095-B72B-A7FF-628F38AD4B56}.Debug|Any CPU.ActiveCfg = Debug
		{CF55F975-2095-B72B-A7FF-628F38AD4B56}.Debug|ARM.ActiveCfg = Debug
		{CF55F975-2095-B72B-A7FF-628F38AD4B56}.Debug|ARM.Build.0 = Debug
		{CF55F975-2095-B72B-A7FF-628F38AD4B56}.Debug|ARM64.ActiveCfg = Debug
		{CF55F975-2095-B72B-A7FF-628F38AD4B56}.Debug|ARM64.Build.0 = Debug
		{CF55F975-2095-B72B-A7FF-628F38AD4B56}.Debug|x64.ActiveCfg = Debug
		{CF55F975-2095-B72B-A7FF-628F38AD4B56}.Debug|x64.Build.0 = Debug
		{CF55F975-2095-B72B-A7FF-628F38AD4B56}.Debug|x86.ActiveCfg = Debug
		{CF55F975-2095-B72B-A7FF-628F38AD4B56}.Debug|x86.Build.0 = Debug
		{CF55F975-2095-B72B-A7FF-628F38AD4B56}.Release|Any CPU.ActiveCfg = Release
		{CF55F975-2095-B72B-A7FF-628F38AD4B56}.Release|Any CPU.Build.0 = Release
		{CF55F975-2095-B72B-A7FF-628F38AD4B56}.Release|ARM.ActiveCfg = Release
		{CF55F975-2095-B72B-A7FF-628F38AD4B56}.Release|ARM.Build.0 = Release
		{CF55F975-2095-B72B-A7FF-628F38AD4B56}.Release|ARM64.ActiveCfg = Release
		{CF55F975-2095-B72B-A7FF-628F38AD4B56}.Release|ARM64.Build.0 = Release
		{CF55F975-2095-B72B-A7FF-628F38AD4B56}.Release|x64.ActiveCfg = Release
		{CF55F975-2095-B72B-A7FF-628F38AD4B56}.Release|x64.Build.0 = Release
		{CF55F975-2095-B72B-A7FF-628F38AD4B56}.Release|x86.ActiveCfg = Release
		{CF55F975-2095-B72B-A7FF-628F38AD4B56}.Release|x86.Build.0 = Release
		{E5647694-D049-445B-8E30-E8DB74FA533B}.Debug|Any CPU.ActiveCfg = Debug|Any CPU
		{E5647694-D049-445B-8E30-E8DB74FA533B}.Debug|Any CPU.Build.0 = Debug|Any CPU
		{E5647694-D049-445B-8E30-E8DB74FA533B}.Debug|Any CPU.Deploy.0 = Debug|Any CPU
		{E5647694-D049-445B-8E30-E8DB74FA533B}.Debug|ARM.ActiveCfg = Debug|ARM
		{E5647694-D049-445B-8E30-E8DB74FA533B}.Debug|ARM.Build.0 = Debug|ARM
		{E5647694-D049-445B-8E30-E8DB74FA533B}.Debug|ARM.Deploy.0 = Debug|ARM
		{E5647694-D049-445B-8E30-E8DB74FA533B}.Debug|ARM64.ActiveCfg = Debug|ARM64
		{E5647694-D049-445B-8E30-E8DB74FA533B}.Debug|ARM64.Build.0 = Debug|ARM64
		{E5647694-D049-445B-8E30-E8DB74FA533B}.Debug|ARM64.Deploy.0 = Debug|ARM64
		{E5647694-D049-445B-8E30-E8DB74FA533B}.Debug|x64.ActiveCfg = Debug|x64
		{E5647694-D049-445B-8E30-E8DB74FA533B}.Debug|x64.Build.0 = Debug|x64
		{E5647694-D049-445B-8E30-E8DB74FA533B}.Debug|x64.Deploy.0 = Debug|x64
		{E5647694-D049-445B-8E30-E8DB74FA533B}.Debug|x86.ActiveCfg = Debug|x86
		{E5647694-D049-445B-8E30-E8DB74FA533B}.Debug|x86.Build.0 = Debug|x86
		{E5647694-D049-445B-8E30-E8DB74FA533B}.Debug|x86.Deploy.0 = Debug|x86
		{E5647694-D049-445B-8E30-E8DB74FA533B}.Release|Any CPU.ActiveCfg = Release|Any CPU
		{E5647694-D049-445B-8E30-E8DB74FA533B}.Release|Any CPU.Build.0 = Release|Any CPU
		{E5647694-D049-445B-8E30-E8DB74FA533B}.Release|Any CPU.Deploy.0 = Release|Any CPU
		{E5647694-D049-445B-8E30-E8DB74FA533B}.Release|ARM.ActiveCfg = Release|ARM
		{E5647694-D049-445B-8E30-E8DB74FA533B}.Release|ARM.Build.0 = Release|ARM
		{E5647694-D049-445B-8E30-E8DB74FA533B}.Release|ARM.Deploy.0 = Release|ARM
		{E5647694-D049-445B-8E30-E8DB74FA533B}.Release|ARM64.ActiveCfg = Release|ARM64
		{E5647694-D049-445B-8E30-E8DB74FA533B}.Release|ARM64.Build.0 = Release|ARM64
		{E5647694-D049-445B-8E30-E8DB74FA533B}.Release|ARM64.Deploy.0 = Release|ARM64
		{E5647694-D049-445B-8E30-E8DB74FA533B}.Release|x64.ActiveCfg = Release|x64
		{E5647694-D049-445B-8E30-E8DB74FA533B}.Release|x64.Build.0 = Release|x64
		{E5647694-D049-445B-8E30-E8DB74FA533B}.Release|x64.Deploy.0 = Release|x64
		{E5647694-D049-445B-8E30-E8DB74FA533B}.Release|x86.ActiveCfg = Release|x86
		{E5647694-D049-445B-8E30-E8DB74FA533B}.Release|x86.Build.0 = Release|x86
		{E5647694-D049-445B-8E30-E8DB74FA533B}.Release|x86.Deploy.0 = Release|x86
	EndGlobalSection
	GlobalSection(SolutionProperties) = preSolution
		HideSolutionNode = FALSE
	EndGlobalSection
	GlobalSection(ExtensibilityGlobals) = postSolution
		SolutionGuid = {116DA841-7AE4-48C8-8AE7-973084A8C62C}
	EndGlobalSection
EndGlobal
